
Microsoft Visual Studio Solution File, Format Version 12.00
# Visual Studio 15
VisualStudioVersion = 15.0.27130.2010
MinimumVisualStudioVersion = 10.0.40219.1
Project("{9A19103F-16F7-4668-BE54-9A1E7A4F7556}") = "EIS.Entities", "EIS.Entities\EIS.Entities.csproj", "{0EC1291B-E964-4A3A-B1E1-AA2581D66C24}"
EndProject
Project("{9A19103F-16F7-4668-BE54-9A1E7A4F7556}") = "EIS.Repositories", "EIS.Repository\EIS.Repositories.csproj", "{EB0CFA76-8ACC-4215-A5C2-9CECAFA9F7AA}"
EndProject
Project("{9A19103F-16F7-4668-BE54-9A1E7A4F7556}") = "EIS.Validations", "EIS.Validations\EIS.Validations.csproj", "{B7E5D2EC-5A62-49B3-A157-6598AEEEFDAF}"
EndProject
Project("{9A19103F-16F7-4668-BE54-9A1E7A4F7556}") = "EIS.WebAPI", "EIS.WebAPI\EIS.WebAPI.csproj", "{77DD3A21-F9C1-4D02-956A-A1A6F3EDA58F}"
EndProject
Project("{9A19103F-16F7-4668-BE54-9A1E7A4F7556}") = "EIS.Data", "EIS.Data\EIS.Data.csproj", "{5B0F5716-8101-458C-A45F-D2AD22DD255D}"
EndProject
Global
	GlobalSection(SolutionConfigurationPlatforms) = preSolution
		Debug|Any CPU = Debug|Any CPU
		Release|Any CPU = Release|Any CPU
	EndGlobalSection
	GlobalSection(ProjectConfigurationPlatforms) = postSolution
		{0EC1291B-E964-4A3A-B1E1-AA2581D66C24}.Debug|Any CPU.ActiveCfg = Debug|Any CPU
		{0EC1291B-E964-4A3A-B1E1-AA2581D66C24}.Debug|Any CPU.Build.0 = Debug|Any CPU
		{0EC1291B-E964-4A3A-B1E1-AA2581D66C24}.Release|Any CPU.ActiveCfg = Release|Any CPU
		{0EC1291B-E964-4A3A-B1E1-AA2581D66C24}.Release|Any CPU.Build.0 = Release|Any CPU
		{EB0CFA76-8ACC-4215-A5C2-9CECAFA9F7AA}.Debug|Any CPU.ActiveCfg = Debug|Any CPU
		{EB0CFA76-8ACC-4215-A5C2-9CECAFA9F7AA}.Debug|Any CPU.Build.0 = Debug|Any CPU
		{EB0CFA76-8ACC-4215-A5C2-9CECAFA9F7AA}.Release|Any CPU.ActiveCfg = Release|Any CPU
		{EB0CFA76-8ACC-4215-A5C2-9CECAFA9F7AA}.Release|Any CPU.Build.0 = Release|Any CPU
		{B7E5D2EC-5A62-49B3-A157-6598AEEEFDAF}.Debug|Any CPU.ActiveCfg = Debug|Any CPU
		{B7E5D2EC-5A62-49B3-A157-6598AEEEFDAF}.Debug|Any CPU.Build.0 = Debug|Any CPU
		{B7E5D2EC-5A62-49B3-A157-6598AEEEFDAF}.Release|Any CPU.ActiveCfg = Release|Any CPU
		{B7E5D2EC-5A62-49B3-A157-6598AEEEFDAF}.Release|Any CPU.Build.0 = Release|Any CPU
		{77DD3A21-F9C1-4D02-956A-A1A6F3EDA58F}.Debug|Any CPU.ActiveCfg = Debug|Any CPU
		{77DD3A21-F9C1-4D02-956A-A1A6F3EDA58F}.Debug|Any CPU.Build.0 = Debug|Any CPU
		{77DD3A21-F9C1-4D02-956A-A1A6F3EDA58F}.Release|Any CPU.ActiveCfg = Release|Any CPU
		{77DD3A21-F9C1-4D02-956A-A1A6F3EDA58F}.Release|Any CPU.Build.0 = Release|Any CPU
		{5B0F5716-8101-458C-A45F-D2AD22DD255D}.Debug|Any CPU.ActiveCfg = Debug|Any CPU
		{5B0F5716-8101-458C-A45F-D2AD22DD255D}.Debug|Any CPU.Build.0 = Debug|Any CPU
		{5B0F5716-8101-458C-A45F-D2AD22DD255D}.Release|Any CPU.ActiveCfg = Release|Any CPU
		{5B0F5716-8101-458C-A45F-D2AD22DD255D}.Release|Any CPU.Build.0 = Release|Any CPU
	EndGlobalSection
	GlobalSection(SolutionProperties) = preSolution
		HideSolutionNode = FALSE
	EndGlobalSection
	GlobalSection(ExtensibilityGlobals) = postSolution
		SolutionGuid = {9465BE8C-42D6-4C64-91D9-26D8154F4BAE}
	EndGlobalSection
EndGlobal
