
Microsoft Visual Studio Solution File, Format Version 12.00
# Visual Studio 15
VisualStudioVersion = 15.0.28010.2003
MinimumVisualStudioVersion = 10.0.40219.1
Project("{FAE04EC0-301F-11D3-BF4B-00C04F79EFBC}") = "EIS.Data", "EIS.Data\EIS.Data.csproj", "{E4A94235-9BB3-4C4F-B95A-6167D00F6FDA}"
EndProject
Project("{FAE04EC0-301F-11D3-BF4B-00C04F79EFBC}") = "EIS.Entities", "EIS.Entities\EIS.Entities.csproj", "{0EC1291B-E964-4A3A-B1E1-AA2581D66C24}"
EndProject
Project("{FAE04EC0-301F-11D3-BF4B-00C04F79EFBC}") = "EIS.Repositories", "EIS.Repository\EIS.Repositories.csproj", "{EB0CFA76-8ACC-4215-A5C2-9CECAFA9F7AA}"
EndProject
Project("{FAE04EC0-301F-11D3-BF4B-00C04F79EFBC}") = "EIS.Validations", "EIS.Validations\EIS.Validations.csproj", "{9A310711-1B02-41C0-898B-EC2613EB84F7}"
EndProject
Project("{FAE04EC0-301F-11D3-BF4B-00C04F79EFBC}") = "EIS.WebAPI", "EIS.WebAPI\EIS.WebAPI.csproj", "{B8A79932-DC8B-4313-887B-8FA4C9A8FEE6}"
EndProject
Global
	GlobalSection(SolutionConfigurationPlatforms) = preSolution
		Debug|Any CPU = Debug|Any CPU
		Release|Any CPU = Release|Any CPU
	EndGlobalSection
	GlobalSection(ProjectConfigurationPlatforms) = postSolution
		{E4A94235-9BB3-4C4F-B95A-6167D00F6FDA}.Debug|Any CPU.ActiveCfg = Debug|Any CPU
		{E4A94235-9BB3-4C4F-B95A-6167D00F6FDA}.Debug|Any CPU.Build.0 = Debug|Any CPU
		{E4A94235-9BB3-4C4F-B95A-6167D00F6FDA}.Release|Any CPU.ActiveCfg = Release|Any CPU
		{E4A94235-9BB3-4C4F-B95A-6167D00F6FDA}.Release|Any CPU.Build.0 = Release|Any CPU
		{0EC1291B-E964-4A3A-B1E1-AA2581D66C24}.Debug|Any CPU.ActiveCfg = Debug|Any CPU
		{0EC1291B-E964-4A3A-B1E1-AA2581D66C24}.Debug|Any CPU.Build.0 = Debug|Any CPU
		{0EC1291B-E964-4A3A-B1E1-AA2581D66C24}.Release|Any CPU.ActiveCfg = Release|Any CPU
		{0EC1291B-E964-4A3A-B1E1-AA2581D66C24}.Release|Any CPU.Build.0 = Release|Any CPU
		{EB0CFA76-8ACC-4215-A5C2-9CECAFA9F7AA}.Debug|Any CPU.ActiveCfg = Debug|Any CPU
		{EB0CFA76-8ACC-4215-A5C2-9CECAFA9F7AA}.Debug|Any CPU.Build.0 = Debug|Any CPU
		{EB0CFA76-8ACC-4215-A5C2-9CECAFA9F7AA}.Release|Any CPU.ActiveCfg = Release|Any CPU
		{EB0CFA76-8ACC-4215-A5C2-9CECAFA9F7AA}.Release|Any CPU.Build.0 = Release|Any CPU
		{9A310711-1B02-41C0-898B-EC2613EB84F7}.Debug|Any CPU.ActiveCfg = Debug|Any CPU
		{9A310711-1B02-41C0-898B-EC2613EB84F7}.Debug|Any CPU.Build.0 = Debug|Any CPU
		{9A310711-1B02-41C0-898B-EC2613EB84F7}.Release|Any CPU.ActiveCfg = Release|Any CPU
		{9A310711-1B02-41C0-898B-EC2613EB84F7}.Release|Any CPU.Build.0 = Release|Any CPU
		{B8A79932-DC8B-4313-887B-8FA4C9A8FEE6}.Debug|Any CPU.ActiveCfg = Debug|Any CPU
		{B8A79932-DC8B-4313-887B-8FA4C9A8FEE6}.Debug|Any CPU.Build.0 = Debug|Any CPU
		{B8A79932-DC8B-4313-887B-8FA4C9A8FEE6}.Release|Any CPU.ActiveCfg = Release|Any CPU
		{B8A79932-DC8B-4313-887B-8FA4C9A8FEE6}.Release|Any CPU.Build.0 = Release|Any CPU
	EndGlobalSection
	GlobalSection(SolutionProperties) = preSolution
		HideSolutionNode = FALSE
	EndGlobalSection
	GlobalSection(ExtensibilityGlobals) = postSolution
		SolutionGuid = {9465BE8C-42D6-4C64-91D9-26D8154F4BAE}
	EndGlobalSection
EndGlobal
